// !$*UTF8*$!
{
	archiveVersion = 1;
	classes = {
	};
	objectVersion = 46;
	objects = {

/* Begin PBXBuildFile section */
		532527931E9B591100561033 /* FacialExpression.swift in Sources */ = {isa = PBXBuildFile; fileRef = 532527921E9B591100561033 /* FacialExpression.swift */; };
		533EDFB71EA8533400D3A973 /* Twitter.framework in Frameworks */ = {isa = PBXBuildFile; fileRef = 533EDFB31EA850F100D3A973 /* Twitter.framework */; };
		533EDFB81EA8533500D3A973 /* Twitter.framework in Embed Frameworks */ = {isa = PBXBuildFile; fileRef = 533EDFB31EA850F100D3A973 /* Twitter.framework */; settings = {ATTRIBUTES = (CodeSignOnCopy, RemoveHeadersOnCopy, ); }; };
		5372F8031EA0CB34003E6707 /* ImageViewController.swift in Sources */ = {isa = PBXBuildFile; fileRef = 5372F8021EA0CB34003E6707 /* ImageViewController.swift */; };
		537B6C3C1E95ED9E0057F0F3 /* AppDelegate.swift in Sources */ = {isa = PBXBuildFile; fileRef = 537B6C3B1E95ED9E0057F0F3 /* AppDelegate.swift */; };
		537B6C3E1E95ED9E0057F0F3 /* ViewController.swift in Sources */ = {isa = PBXBuildFile; fileRef = 537B6C3D1E95ED9E0057F0F3 /* ViewController.swift */; };
		537B6C411E95ED9E0057F0F3 /* Main.storyboard in Resources */ = {isa = PBXBuildFile; fileRef = 537B6C3F1E95ED9E0057F0F3 /* Main.storyboard */; };
		537B6C431E95ED9E0057F0F3 /* Assets.xcassets in Resources */ = {isa = PBXBuildFile; fileRef = 537B6C421E95ED9E0057F0F3 /* Assets.xcassets */; };
		537B6C461E95ED9E0057F0F3 /* LaunchScreen.storyboard in Resources */ = {isa = PBXBuildFile; fileRef = 537B6C441E95ED9E0057F0F3 /* LaunchScreen.storyboard */; };
		537B6C4E1E9630A90057F0F3 /* CalculatorBrain.swift in Sources */ = {isa = PBXBuildFile; fileRef = 537B6C4D1E9630A90057F0F3 /* CalculatorBrain.swift */; };
		539A055B1E97900C000A9091 /* FaceitViewController.swift in Sources */ = {isa = PBXBuildFile; fileRef = 539A055A1E97900C000A9091 /* FaceitViewController.swift */; };
		539A055D1E97906D000A9091 /* FaceView.swift in Sources */ = {isa = PBXBuildFile; fileRef = 539A055C1E97906D000A9091 /* FaceView.swift */; };
		53CAA08F1EA5B6790053581E /* CassiniViewController.swift in Sources */ = {isa = PBXBuildFile; fileRef = 53CAA08E1EA5B6790053581E /* CassiniViewController.swift */; };
		53D68F0C1EA463C4006A5F07 /* DemoCassiniURL.swift in Sources */ = {isa = PBXBuildFile; fileRef = 53D68F0B1EA463C4006A5F07 /* DemoCassiniURL.swift */; };
		53FD2A4B1E9F628A00EDACEF /* EmotionsViewController.swift in Sources */ = {isa = PBXBuildFile; fileRef = 53FD2A4A1E9F628A00EDACEF /* EmotionsViewController.swift */; };
/* End PBXBuildFile section */

/* Begin PBXCopyFilesBuildPhase section */
		533EDFB91EA8533500D3A973 /* Embed Frameworks */ = {
			isa = PBXCopyFilesBuildPhase;
			buildActionMask = 2147483647;
			dstPath = "";
			dstSubfolderSpec = 10;
			files = (
				533EDFB81EA8533500D3A973 /* Twitter.framework in Embed Frameworks */,
			);
			name = "Embed Frameworks";
			runOnlyForDeploymentPostprocessing = 0;
		};
/* End PBXCopyFilesBuildPhase section */

/* Begin PBXFileReference section */
		532527921E9B591100561033 /* FacialExpression.swift */ = {isa = PBXFileReference; fileEncoding = 4; lastKnownFileType = sourcecode.swift; path = FacialExpression.swift; sourceTree = "<group>"; };
		533EDFB31EA850F100D3A973 /* Twitter.framework */ = {isa = PBXFileReference; explicitFileType = wrapper.framework; path = Twitter.framework; sourceTree = BUILT_PRODUCTS_DIR; };
		5372F8021EA0CB34003E6707 /* ImageViewController.swift */ = {isa = PBXFileReference; fileEncoding = 4; lastKnownFileType = sourcecode.swift; path = ImageViewController.swift; sourceTree = "<group>"; };
		537B6C381E95ED9E0057F0F3 /* Calculator.app */ = {isa = PBXFileReference; explicitFileType = wrapper.application; includeInIndex = 0; path = Calculator.app; sourceTree = BUILT_PRODUCTS_DIR; };
		537B6C3B1E95ED9E0057F0F3 /* AppDelegate.swift */ = {isa = PBXFileReference; lastKnownFileType = sourcecode.swift; path = AppDelegate.swift; sourceTree = "<group>"; };
		537B6C3D1E95ED9E0057F0F3 /* ViewController.swift */ = {isa = PBXFileReference; lastKnownFileType = sourcecode.swift; path = ViewController.swift; sourceTree = "<group>"; };
		537B6C401E95ED9E0057F0F3 /* Base */ = {isa = PBXFileReference; lastKnownFileType = file.storyboard; name = Base; path = Base.lproj/Main.storyboard; sourceTree = "<group>"; };
		537B6C421E95ED9E0057F0F3 /* Assets.xcassets */ = {isa = PBXFileReference; lastKnownFileType = folder.assetcatalog; path = Assets.xcassets; sourceTree = "<group>"; };
		537B6C451E95ED9E0057F0F3 /* Base */ = {isa = PBXFileReference; lastKnownFileType = file.storyboard; name = Base; path = Base.lproj/LaunchScreen.storyboard; sourceTree = "<group>"; };
		537B6C471E95ED9E0057F0F3 /* Info.plist */ = {isa = PBXFileReference; lastKnownFileType = text.plist.xml; path = Info.plist; sourceTree = "<group>"; };
		537B6C4D1E9630A90057F0F3 /* CalculatorBrain.swift */ = {isa = PBXFileReference; fileEncoding = 4; lastKnownFileType = sourcecode.swift; path = CalculatorBrain.swift; sourceTree = "<group>"; };
		539A055A1E97900C000A9091 /* FaceitViewController.swift */ = {isa = PBXFileReference; fileEncoding = 4; lastKnownFileType = sourcecode.swift; path = FaceitViewController.swift; sourceTree = "<group>"; };
		539A055C1E97906D000A9091 /* FaceView.swift */ = {isa = PBXFileReference; fileEncoding = 4; lastKnownFileType = sourcecode.swift; path = FaceView.swift; sourceTree = "<group>"; };
		53CAA08E1EA5B6790053581E /* CassiniViewController.swift */ = {isa = PBXFileReference; fileEncoding = 4; lastKnownFileType = sourcecode.swift; path = CassiniViewController.swift; sourceTree = "<group>"; };
		53D68F0B1EA463C4006A5F07 /* DemoCassiniURL.swift */ = {isa = PBXFileReference; fileEncoding = 4; lastKnownFileType = sourcecode.swift; path = DemoCassiniURL.swift; sourceTree = "<group>"; };
		53FD2A4A1E9F628A00EDACEF /* EmotionsViewController.swift */ = {isa = PBXFileReference; fileEncoding = 4; lastKnownFileType = sourcecode.swift; path = EmotionsViewController.swift; sourceTree = "<group>"; };
/* End PBXFileReference section */

/* Begin PBXFrameworksBuildPhase section */
		537B6C351E95ED9E0057F0F3 /* Frameworks */ = {
			isa = PBXFrameworksBuildPhase;
			buildActionMask = 2147483647;
			files = (
				533EDFB71EA8533400D3A973 /* Twitter.framework in Frameworks */,
			);
			runOnlyForDeploymentPostprocessing = 0;
		};
/* End PBXFrameworksBuildPhase section */

/* Begin PBXGroup section */
		5372F8011EA0CAD3003E6707 /* Cassini */ = {
			isa = PBXGroup;
			children = (
				53CAA08E1EA5B6790053581E /* CassiniViewController.swift */,
				5372F8021EA0CB34003E6707 /* ImageViewController.swift */,
				53D68F0B1EA463C4006A5F07 /* DemoCassiniURL.swift */,
			);
			name = Cassini;
			sourceTree = "<group>";
		};
		537B6C2F1E95ED9E0057F0F3 = {
			isa = PBXGroup;
			children = (
				533EDFB31EA850F100D3A973 /* Twitter.framework */,
				537B6C3A1E95ED9E0057F0F3 /* Calculator */,
				537B6C391E95ED9E0057F0F3 /* Products */,
			);
			sourceTree = "<group>";
		};
		537B6C391E95ED9E0057F0F3 /* Products */ = {
			isa = PBXGroup;
			children = (
				537B6C381E95ED9E0057F0F3 /* Calculator.app */,
			);
			name = Products;
			sourceTree = "<group>";
		};
		537B6C3A1E95ED9E0057F0F3 /* Calculator */ = {
			isa = PBXGroup;
			children = (
				537B6C3F1E95ED9E0057F0F3 /* Main.storyboard */,
				5372F8011EA0CAD3003E6707 /* Cassini */,
				539A05591E978FF0000A9091 /* Faceit */,
				539A055E1E9793AC000A9091 /* Calculator */,
				539A05581E978FD3000A9091 /* Supporting */,
			);
			path = Calculator;
			sourceTree = "<group>";
		};
		539A05581E978FD3000A9091 /* Supporting */ = {
			isa = PBXGroup;
			children = (
				537B6C3B1E95ED9E0057F0F3 /* AppDelegate.swift */,
				537B6C421E95ED9E0057F0F3 /* Assets.xcassets */,
				537B6C441E95ED9E0057F0F3 /* LaunchScreen.storyboard */,
				537B6C471E95ED9E0057F0F3 /* Info.plist */,
			);
			name = Supporting;
			sourceTree = "<group>";
		};
		539A05591E978FF0000A9091 /* Faceit */ = {
			isa = PBXGroup;
			children = (
				53FD2A4A1E9F628A00EDACEF /* EmotionsViewController.swift */,
				539A055A1E97900C000A9091 /* FaceitViewController.swift */,
				532527921E9B591100561033 /* FacialExpression.swift */,
				539A055C1E97906D000A9091 /* FaceView.swift */,
			);
			name = Faceit;
			sourceTree = "<group>";
		};
		539A055E1E9793AC000A9091 /* Calculator */ = {
			isa = PBXGroup;
			children = (
				537B6C3D1E95ED9E0057F0F3 /* ViewController.swift */,
				537B6C4D1E9630A90057F0F3 /* CalculatorBrain.swift */,
			);
			name = Calculator;
			sourceTree = "<group>";
		};
/* End PBXGroup section */

/* Begin PBXNativeTarget section */
		537B6C371E95ED9E0057F0F3 /* Calculator */ = {
			isa = PBXNativeTarget;
			buildConfigurationList = 537B6C4A1E95ED9E0057F0F3 /* Build configuration list for PBXNativeTarget "Calculator" */;
			buildPhases = (
				537B6C341E95ED9E0057F0F3 /* Sources */,
				537B6C351E95ED9E0057F0F3 /* Frameworks */,
				537B6C361E95ED9E0057F0F3 /* Resources */,
				533EDFB91EA8533500D3A973 /* Embed Frameworks */,
			);
			buildRules = (
			);
			dependencies = (
			);
			name = Calculator;
			productName = Calculator;
			productReference = 537B6C381E95ED9E0057F0F3 /* Calculator.app */;
			productType = "com.apple.product-type.application";
		};
/* End PBXNativeTarget section */

/* Begin PBXProject section */
		537B6C301E95ED9E0057F0F3 /* Project object */ = {
			isa = PBXProject;
			attributes = {
				LastSwiftUpdateCheck = 0830;
				LastUpgradeCheck = 0830;
				ORGANIZATIONNAME = "Max xie";
				TargetAttributes = {
					537B6C371E95ED9E0057F0F3 = {
						CreatedOnToolsVersion = 8.3;
						DevelopmentTeam = DLAC8497MQ;
						ProvisioningStyle = Automatic;
					};
				};
			};
			buildConfigurationList = 537B6C331E95ED9E0057F0F3 /* Build configuration list for PBXProject "Calculator" */;
			compatibilityVersion = "Xcode 3.2";
			developmentRegion = English;
			hasScannedForEncodings = 0;
			knownRegions = (
				en,
				Base,
			);
			mainGroup = 537B6C2F1E95ED9E0057F0F3;
			productRefGroup = 537B6C391E95ED9E0057F0F3 /* Products */;
			projectDirPath = "";
			projectRoot = "";
			targets = (
				537B6C371E95ED9E0057F0F3 /* Calculator */,
			);
		};
/* End PBXProject section */

/* Begin PBXResourcesBuildPhase section */
		537B6C361E95ED9E0057F0F3 /* Resources */ = {
			isa = PBXResourcesBuildPhase;
			buildActionMask = 2147483647;
			files = (
				537B6C461E95ED9E0057F0F3 /* LaunchScreen.storyboard in Resources */,
				537B6C431E95ED9E0057F0F3 /* Assets.xcassets in Resources */,
				537B6C411E95ED9E0057F0F3 /* Main.storyboard in Resources */,
			);
			runOnlyForDeploymentPostprocessing = 0;
		};
/* End PBXResourcesBuildPhase section */

/* Begin PBXSourcesBuildPhase section */
		537B6C341E95ED9E0057F0F3 /* Sources */ = {
			isa = PBXSourcesBuildPhase;
			buildActionMask = 2147483647;
			files = (
				539A055B1E97900C000A9091 /* FaceitViewController.swift in Sources */,
				537B6C4E1E9630A90057F0F3 /* CalculatorBrain.swift in Sources */,
				537B6C3E1E95ED9E0057F0F3 /* ViewController.swift in Sources */,
				53CAA08F1EA5B6790053581E /* CassiniViewController.swift in Sources */,
				53FD2A4B1E9F628A00EDACEF /* EmotionsViewController.swift in Sources */,
				537B6C3C1E95ED9E0057F0F3 /* AppDelegate.swift in Sources */,
				539A055D1E97906D000A9091 /* FaceView.swift in Sources */,
				53D68F0C1EA463C4006A5F07 /* DemoCassiniURL.swift in Sources */,
				5372F8031EA0CB34003E6707 /* ImageViewController.swift in Sources */,
				532527931E9B591100561033 /* FacialExpression.swift in Sources */,
			);
			runOnlyForDeploymentPostprocessing = 0;
		};
/* End PBXSourcesBuildPhase section */

/* Begin PBXVariantGroup section */
		537B6C3F1E95ED9E0057F0F3 /* Main.storyboard */ = {
			isa = PBXVariantGroup;
			children = (
				537B6C401E95ED9E0057F0F3 /* Base */,
			);
			name = Main.storyboard;
			sourceTree = "<group>";
		};
		537B6C441E95ED9E0057F0F3 /* LaunchScreen.storyboard */ = {
			isa = PBXVariantGroup;
			children = (
				537B6C451E95ED9E0057F0F3 /* Base */,
			);
			name = LaunchScreen.storyboard;
			sourceTree = "<group>";
		};
/* End PBXVariantGroup section */

/* Begin XCBuildConfiguration section */
		537B6C481E95ED9E0057F0F3 /* Debug */ = {
			isa = XCBuildConfiguration;
			buildSettings = {
				ALWAYS_SEARCH_USER_PATHS = NO;
				CLANG_ANALYZER_NONNULL = YES;
				CLANG_ANALYZER_NUMBER_OBJECT_CONVERSION = YES_AGGRESSIVE;
				CLANG_CXX_LANGUAGE_STANDARD = "gnu++0x";
				CLANG_CXX_LIBRARY = "libc++";
				CLANG_ENABLE_MODULES = YES;
				CLANG_ENABLE_OBJC_ARC = YES;
				CLANG_WARN_BOOL_CONVERSION = YES;
				CLANG_WARN_CONSTANT_CONVERSION = YES;
				CLANG_WARN_DIRECT_OBJC_ISA_USAGE = YES_ERROR;
				CLANG_WARN_DOCUMENTATION_COMMENTS = YES;
				CLANG_WARN_EMPTY_BODY = YES;
				CLANG_WARN_ENUM_CONVERSION = YES;
				CLANG_WARN_INFINITE_RECURSION = YES;
				CLANG_WARN_INT_CONVERSION = YES;
				CLANG_WARN_OBJC_ROOT_CLASS = YES_ERROR;
				CLANG_WARN_SUSPICIOUS_MOVE = YES;
				CLANG_WARN_UNREACHABLE_CODE = YES;
				CLANG_WARN__DUPLICATE_METHOD_MATCH = YES;
				"CODE_SIGN_IDENTITY[sdk=iphoneos*]" = "iPhone Developer";
				COPY_PHASE_STRIP = NO;
				DEBUG_INFORMATION_FORMAT = dwarf;
				ENABLE_STRICT_OBJC_MSGSEND = YES;
				ENABLE_TESTABILITY = YES;
				GCC_C_LANGUAGE_STANDARD = gnu99;
				GCC_DYNAMIC_NO_PIC = NO;
				GCC_NO_COMMON_BLOCKS = YES;
				GCC_OPTIMIZATION_LEVEL = 0;
				GCC_PREPROCESSOR_DEFINITIONS = (
					"DEBUG=1",
					"$(inherited)",
				);
				GCC_WARN_64_TO_32_BIT_CONVERSION = YES;
				GCC_WARN_ABOUT_RETURN_TYPE = YES_ERROR;
				GCC_WARN_UNDECLARED_SELECTOR = YES;
				GCC_WARN_UNINITIALIZED_AUTOS = YES_AGGRESSIVE;
				GCC_WARN_UNUSED_FUNCTION = YES;
				GCC_WARN_UNUSED_VARIABLE = YES;
				IPHONEOS_DEPLOYMENT_TARGET = 10.3;
				MTL_ENABLE_DEBUG_INFO = YES;
				ONLY_ACTIVE_ARCH = YES;
				SDKROOT = iphoneos;
				SWIFT_ACTIVE_COMPILATION_CONDITIONS = DEBUG;
				SWIFT_OPTIMIZATION_LEVEL = "-Onone";
				TARGETED_DEVICE_FAMILY = "1,2";
			};
			name = Debug;
		};
		537B6C491E95ED9E0057F0F3 /* Release */ = {
			isa = XCBuildConfiguration;
			buildSettings = {
				ALWAYS_SEARCH_USER_PATHS = NO;
				CLANG_ANALYZER_NONNULL = YES;
				CLANG_ANALYZER_NUMBER_OBJECT_CONVERSION = YES_AGGRESSIVE;
				CLANG_CXX_LANGUAGE_STANDARD = "gnu++0x";
				CLANG_CXX_LIBRARY = "libc++";
				CLANG_ENABLE_MODULES = YES;
				CLANG_ENABLE_OBJC_ARC = YES;
				CLANG_WARN_BOOL_CONVERSION = YES;
				CLANG_WARN_CONSTANT_CONVERSION = YES;
				CLANG_WARN_DIRECT_OBJC_ISA_USAGE = YES_ERROR;
				CLANG_WARN_DOCUMENTATION_COMMENTS = YES;
				CLANG_WARN_EMPTY_BODY = YES;
				CLANG_WARN_ENUM_CONVERSION = YES;
				CLANG_WARN_INFINITE_RECURSION = YES;
				CLANG_WARN_INT_CONVERSION = YES;
				CLANG_WARN_OBJC_ROOT_CLASS = YES_ERROR;
				CLANG_WARN_SUSPICIOUS_MOVE = YES;
				CLANG_WARN_UNREACHABLE_CODE = YES;
				CLANG_WARN__DUPLICATE_METHOD_MATCH = YES;
				"CODE_SIGN_IDENTITY[sdk=iphoneos*]" = "iPhone Developer";
				COPY_PHASE_STRIP = NO;
				DEBUG_INFORMATION_FORMAT = "dwarf-with-dsym";
				ENABLE_NS_ASSERTIONS = NO;
				ENABLE_STRICT_OBJC_MSGSEND = YES;
				GCC_C_LANGUAGE_STANDARD = gnu99;
				GCC_NO_COMMON_BLOCKS = YES;
				GCC_WARN_64_TO_32_BIT_CONVERSION = YES;
				GCC_WARN_ABOUT_RETURN_TYPE = YES_ERROR;
				GCC_WARN_UNDECLARED_SELECTOR = YES;
				GCC_WARN_UNINITIALIZED_AUTOS = YES_AGGRESSIVE;
				GCC_WARN_UNUSED_FUNCTION = YES;
				GCC_WARN_UNUSED_VARIABLE = YES;
				IPHONEOS_DEPLOYMENT_TARGET = 10.3;
				MTL_ENABLE_DEBUG_INFO = NO;
				SDKROOT = iphoneos;
				SWIFT_OPTIMIZATION_LEVEL = "-Owholemodule";
				TARGETED_DEVICE_FAMILY = "1,2";
				VALIDATE_PRODUCT = YES;
			};
			name = Release;
		};
		537B6C4B1E95ED9E0057F0F3 /* Debug */ = {
			isa = XCBuildConfiguration;
			buildSettings = {
				ASSETCATALOG_COMPILER_APPICON_NAME = AppIcon;
				DEVELOPMENT_TEAM = DLAC8497MQ;
				INFOPLIST_FILE = Calculator/Info.plist;
				LD_RUNPATH_SEARCH_PATHS = "$(inherited) @executable_path/Frameworks";
				PRODUCT_BUNDLE_IDENTIFIER = com.etcomm.Calculator;
				PRODUCT_NAME = "$(TARGET_NAME)";
				SWIFT_VERSION = 3.0;
			};
			name = Debug;
		};
		537B6C4C1E95ED9E0057F0F3 /* Release */ = {
			isa = XCBuildConfiguration;
			buildSettings = {
				ASSETCATALOG_COMPILER_APPICON_NAME = AppIcon;
				DEVELOPMENT_TEAM = DLAC8497MQ;
				INFOPLIST_FILE = Calculator/Info.plist;
				LD_RUNPATH_SEARCH_PATHS = "$(inherited) @executable_path/Frameworks";
				PRODUCT_BUNDLE_IDENTIFIER = com.etcomm.Calculator;
				PRODUCT_NAME = "$(TARGET_NAME)";
				SWIFT_VERSION = 3.0;
			};
			name = Release;
		};
/* End XCBuildConfiguration section */

/* Begin XCConfigurationList section */
		537B6C331E95ED9E0057F0F3 /* Build configuration list for PBXProject "Calculator" */ = {
			isa = XCConfigurationList;
			buildConfigurations = (
				537B6C481E95ED9E0057F0F3 /* Debug */,
				537B6C491E95ED9E0057F0F3 /* Release */,
			);
			defaultConfigurationIsVisible = 0;
			defaultConfigurationName = Release;
		};
		537B6C4A1E95ED9E0057F0F3 /* Build configuration list for PBXNativeTarget "Calculator" */ = {
			isa = XCConfigurationList;
			buildConfigurations = (
				537B6C4B1E95ED9E0057F0F3 /* Debug */,
				537B6C4C1E95ED9E0057F0F3 /* Release */,
			);
			defaultConfigurationIsVisible = 0;
			defaultConfigurationName = Release;
		};
/* End XCConfigurationList section */
	};
	rootObject = 537B6C301E95ED9E0057F0F3 /* Project object */;
}
